// !$*UTF8*$!
{
	archiveVersion = 1;
	classes = {
	};
	objectVersion = 51;
	objects = {

/* Begin PBXBuildFile section */
		092BBC2324942F6B0024425D /* MapViewController.swift in Sources */ = {isa = PBXBuildFile; fileRef = 092BBC2224942F6B0024425D /* MapViewController.swift */; };
		0936EC042464B87E001A5B10 /* StorageManager.swift in Sources */ = {isa = PBXBuildFile; fileRef = 0936EC032464B87E001A5B10 /* StorageManager.swift */; };
		0936EC0A24660BD2001A5B10 /* Assets.xcassets in Resources */ = {isa = PBXBuildFile; fileRef = 0936EC0924660BD2001A5B10 /* Assets.xcassets */; };
		0936EC0C2466230F001A5B10 /* RatingControll.swift in Sources */ = {isa = PBXBuildFile; fileRef = 0936EC0B2466230F001A5B10 /* RatingControll.swift */; };
		094798AA245CD45D0062A6A2 /* AppDelegate.swift in Sources */ = {isa = PBXBuildFile; fileRef = 094798A9245CD45D0062A6A2 /* AppDelegate.swift */; };
		094798AC245CD45D0062A6A2 /* SceneDelegate.swift in Sources */ = {isa = PBXBuildFile; fileRef = 094798AB245CD45D0062A6A2 /* SceneDelegate.swift */; };
		094798B1245CD45D0062A6A2 /* Main.storyboard in Resources */ = {isa = PBXBuildFile; fileRef = 094798AF245CD45D0062A6A2 /* Main.storyboard */; };
		094798B6245CD4600062A6A2 /* LaunchScreen.storyboard in Resources */ = {isa = PBXBuildFile; fileRef = 094798B4245CD4600062A6A2 /* LaunchScreen.storyboard */; };
		094798BE245CD7DC0062A6A2 /* MainViewController.swift in Sources */ = {isa = PBXBuildFile; fileRef = 094798BD245CD7DC0062A6A2 /* MainViewController.swift */; };
		094798C0246223D00062A6A2 /* CustomTableViewCell.swift in Sources */ = {isa = PBXBuildFile; fileRef = 094798BF246223D00062A6A2 /* CustomTableViewCell.swift */; };
		094798C2246227690062A6A2 /* PlaceModel.swift in Sources */ = {isa = PBXBuildFile; fileRef = 094798C1246227690062A6A2 /* PlaceModel.swift */; };
		094798C4246236F10062A6A2 /* NewPlaceViewController.swift in Sources */ = {isa = PBXBuildFile; fileRef = 094798C3246236F10062A6A2 /* NewPlaceViewController.swift */; };
		09E8392724A36C6100D7B08D /* MapManager.swift in Sources */ = {isa = PBXBuildFile; fileRef = 09E8392624A36C6100D7B08D /* MapManager.swift */; };
		F2490A30CAF485B30C37A113 /* Pods_MyPlaces.framework in Frameworks */ = {isa = PBXBuildFile; fileRef = 8243C6E720A73E4BEE58CC53 /* Pods_MyPlaces.framework */; };
/* End PBXBuildFile section */

/* Begin PBXCopyFilesBuildPhase section */
		0978D50624903E3E00D01FF5 /* Embed Frameworks */ = {
			isa = PBXCopyFilesBuildPhase;
			buildActionMask = 2147483647;
			dstPath = "";
			dstSubfolderSpec = 10;
			files = (
			);
			name = "Embed Frameworks";
			runOnlyForDeploymentPostprocessing = 0;
		};
/* End PBXCopyFilesBuildPhase section */

/* Begin PBXFileReference section */
		092BBC2224942F6B0024425D /* MapViewController.swift */ = {isa = PBXFileReference; lastKnownFileType = sourcecode.swift; path = MapViewController.swift; sourceTree = "<group>"; };
		0936EC032464B87E001A5B10 /* StorageManager.swift */ = {isa = PBXFileReference; lastKnownFileType = sourcecode.swift; path = StorageManager.swift; sourceTree = "<group>"; };
		0936EC0924660BD2001A5B10 /* Assets.xcassets */ = {isa = PBXFileReference; lastKnownFileType = folder.assetcatalog; path = Assets.xcassets; sourceTree = "<group>"; };
		0936EC0B2466230F001A5B10 /* RatingControll.swift */ = {isa = PBXFileReference; lastKnownFileType = sourcecode.swift; path = RatingControll.swift; sourceTree = "<group>"; };
		094798A6245CD45D0062A6A2 /* MyPlaces.app */ = {isa = PBXFileReference; explicitFileType = wrapper.application; includeInIndex = 0; path = MyPlaces.app; sourceTree = BUILT_PRODUCTS_DIR; };
		094798A9245CD45D0062A6A2 /* AppDelegate.swift */ = {isa = PBXFileReference; lastKnownFileType = sourcecode.swift; path = AppDelegate.swift; sourceTree = "<group>"; };
		094798AB245CD45D0062A6A2 /* SceneDelegate.swift */ = {isa = PBXFileReference; lastKnownFileType = sourcecode.swift; path = SceneDelegate.swift; sourceTree = "<group>"; };
		094798B0245CD45D0062A6A2 /* Base */ = {isa = PBXFileReference; lastKnownFileType = file.storyboard; name = Base; path = Base.lproj/Main.storyboard; sourceTree = "<group>"; };
		094798B5245CD4600062A6A2 /* Base */ = {isa = PBXFileReference; lastKnownFileType = file.storyboard; name = Base; path = Base.lproj/LaunchScreen.storyboard; sourceTree = "<group>"; };
		094798B7245CD4600062A6A2 /* Info.plist */ = {isa = PBXFileReference; lastKnownFileType = text.plist.xml; path = Info.plist; sourceTree = "<group>"; };
		094798BD245CD7DC0062A6A2 /* MainViewController.swift */ = {isa = PBXFileReference; lastKnownFileType = sourcecode.swift; path = MainViewController.swift; sourceTree = "<group>"; };
		094798BF246223D00062A6A2 /* CustomTableViewCell.swift */ = {isa = PBXFileReference; lastKnownFileType = sourcecode.swift; path = CustomTableViewCell.swift; sourceTree = "<group>"; };
		094798C1246227690062A6A2 /* PlaceModel.swift */ = {isa = PBXFileReference; lastKnownFileType = sourcecode.swift; path = PlaceModel.swift; sourceTree = "<group>"; };
		094798C3246236F10062A6A2 /* NewPlaceViewController.swift */ = {isa = PBXFileReference; lastKnownFileType = sourcecode.swift; path = NewPlaceViewController.swift; sourceTree = "<group>"; };
		09E8392624A36C6100D7B08D /* MapManager.swift */ = {isa = PBXFileReference; lastKnownFileType = sourcecode.swift; path = MapManager.swift; sourceTree = "<group>"; };
		30899F0838E501F17178D2F5 /* Pods-MyPlaces.debug.xcconfig */ = {isa = PBXFileReference; includeInIndex = 1; lastKnownFileType = text.xcconfig; name = "Pods-MyPlaces.debug.xcconfig"; path = "Target Support Files/Pods-MyPlaces/Pods-MyPlaces.debug.xcconfig"; sourceTree = "<group>"; };
		8243C6E720A73E4BEE58CC53 /* Pods_MyPlaces.framework */ = {isa = PBXFileReference; explicitFileType = wrapper.framework; includeInIndex = 0; path = Pods_MyPlaces.framework; sourceTree = BUILT_PRODUCTS_DIR; };
		D3A7D0E10ADF3BB58D4ED46F /* Pods-MyPlaces.release.xcconfig */ = {isa = PBXFileReference; includeInIndex = 1; lastKnownFileType = text.xcconfig; name = "Pods-MyPlaces.release.xcconfig"; path = "Target Support Files/Pods-MyPlaces/Pods-MyPlaces.release.xcconfig"; sourceTree = "<group>"; };
/* End PBXFileReference section */

/* Begin PBXFrameworksBuildPhase section */
		094798A3245CD45D0062A6A2 /* Frameworks */ = {
			isa = PBXFrameworksBuildPhase;
			buildActionMask = 2147483647;
			files = (
				F2490A30CAF485B30C37A113 /* Pods_MyPlaces.framework in Frameworks */,
			);
			runOnlyForDeploymentPostprocessing = 0;
		};
/* End PBXFrameworksBuildPhase section */

/* Begin PBXGroup section */
		0947989D245CD45D0062A6A2 = {
			isa = PBXGroup;
			children = (
				094798A8245CD45D0062A6A2 /* MyPlaces */,
				094798A7245CD45D0062A6A2 /* Products */,
				D91ECCCC840925DF4FB8286B /* Pods */,
				42822DD4785B34B7CC728846 /* Frameworks */,
			);
			sourceTree = "<group>";
		};
		094798A7245CD45D0062A6A2 /* Products */ = {
			isa = PBXGroup;
			children = (
				094798A6245CD45D0062A6A2 /* MyPlaces.app */,
			);
			name = Products;
			sourceTree = "<group>";
		};
		094798A8245CD45D0062A6A2 /* MyPlaces */ = {
			isa = PBXGroup;
			children = (
				094798C72462374E0062A6A2 /* Models */,
				094798C5246237170062A6A2 /* Controllers */,
				09E8392924A7782600D7B08D /* Helpers */,
				09E8392824A777C100D7B08D /* Support Files */,
				094798C62462373F0062A6A2 /* Cells */,
				094798AF245CD45D0062A6A2 /* Main.storyboard */,
				094798B4245CD4600062A6A2 /* LaunchScreen.storyboard */,
				094798B7245CD4600062A6A2 /* Info.plist */,
			);
			path = MyPlaces;
			sourceTree = "<group>";
		};
		094798C5246237170062A6A2 /* Controllers */ = {
			isa = PBXGroup;
			children = (
				094798BD245CD7DC0062A6A2 /* MainViewController.swift */,
				094798C3246236F10062A6A2 /* NewPlaceViewController.swift */,
				092BBC2224942F6B0024425D /* MapViewController.swift */,
			);
			name = Controllers;
			sourceTree = "<group>";
		};
		094798C62462373F0062A6A2 /* Cells */ = {
			isa = PBXGroup;
			children = (
				094798BF246223D00062A6A2 /* CustomTableViewCell.swift */,
			);
			path = Cells;
			sourceTree = "<group>";
		};
		094798C72462374E0062A6A2 /* Models */ = {
			isa = PBXGroup;
			children = (
				094798C1246227690062A6A2 /* PlaceModel.swift */,
			);
			path = Models;
			sourceTree = "<group>";
		};
		09E8392824A777C100D7B08D /* Support Files */ = {
			isa = PBXGroup;
			children = (
				094798A9245CD45D0062A6A2 /* AppDelegate.swift */,
				094798AB245CD45D0062A6A2 /* SceneDelegate.swift */,
				0936EC0924660BD2001A5B10 /* Assets.xcassets */,
			);
			name = "Support Files";
			path = ..;
			sourceTree = "<group>";
		};
		09E8392924A7782600D7B08D /* Helpers */ = {
			isa = PBXGroup;
			children = (
				09E8392624A36C6100D7B08D /* MapManager.swift */,
				0936EC032464B87E001A5B10 /* StorageManager.swift */,
				0936EC0B2466230F001A5B10 /* RatingControll.swift */,
			);
			path = Helpers;
			sourceTree = "<group>";
		};
		42822DD4785B34B7CC728846 /* Frameworks */ = {
			isa = PBXGroup;
			children = (
				8243C6E720A73E4BEE58CC53 /* Pods_MyPlaces.framework */,
			);
			name = Frameworks;
			sourceTree = "<group>";
		};
		D91ECCCC840925DF4FB8286B /* Pods */ = {
			isa = PBXGroup;
			children = (
				30899F0838E501F17178D2F5 /* Pods-MyPlaces.debug.xcconfig */,
				D3A7D0E10ADF3BB58D4ED46F /* Pods-MyPlaces.release.xcconfig */,
			);
			path = Pods;
			sourceTree = "<group>";
		};
/* End PBXGroup section */

/* Begin PBXNativeTarget section */
		094798A5245CD45D0062A6A2 /* MyPlaces */ = {
			isa = PBXNativeTarget;
			buildConfigurationList = 094798BA245CD4600062A6A2 /* Build configuration list for PBXNativeTarget "MyPlaces" */;
			buildPhases = (
				2C0C1B55BD5E98234CEC46FE /* [CP] Check Pods Manifest.lock */,
				094798A2245CD45D0062A6A2 /* Sources */,
				094798A3245CD45D0062A6A2 /* Frameworks */,
				094798A4245CD45D0062A6A2 /* Resources */,
				528431803E64BC7FF5B9DF12 /* [CP] Embed Pods Frameworks */,
				0978D50624903E3E00D01FF5 /* Embed Frameworks */,
			);
			buildRules = (
			);
			dependencies = (
			);
			name = MyPlaces;
			productName = MyPlaces;
			productReference = 094798A6245CD45D0062A6A2 /* MyPlaces.app */;
			productType = "com.apple.product-type.application";
		};
/* End PBXNativeTarget section */

/* Begin PBXProject section */
		0947989E245CD45D0062A6A2 /* Project object */ = {
			isa = PBXProject;
			attributes = {
				LastSwiftUpdateCheck = 1140;
				LastUpgradeCheck = 1140;
				ORGANIZATIONNAME = "Andrew Boldyrev";
				TargetAttributes = {
					094798A5245CD45D0062A6A2 = {
						CreatedOnToolsVersion = 11.4.1;
					};
				};
			};
			buildConfigurationList = 094798A1245CD45D0062A6A2 /* Build configuration list for PBXProject "MyPlaces" */;
			compatibilityVersion = "Xcode 9.3";
			developmentRegion = en;
			hasScannedForEncodings = 0;
			knownRegions = (
				en,
				Base,
			);
			mainGroup = 0947989D245CD45D0062A6A2;
			productRefGroup = 094798A7245CD45D0062A6A2 /* Products */;
			projectDirPath = "";
			projectRoot = "";
			targets = (
				094798A5245CD45D0062A6A2 /* MyPlaces */,
			);
		};
/* End PBXProject section */

/* Begin PBXResourcesBuildPhase section */
		094798A4245CD45D0062A6A2 /* Resources */ = {
			isa = PBXResourcesBuildPhase;
			buildActionMask = 2147483647;
			files = (
				094798B6245CD4600062A6A2 /* LaunchScreen.storyboard in Resources */,
				0936EC0A24660BD2001A5B10 /* Assets.xcassets in Resources */,
				094798B1245CD45D0062A6A2 /* Main.storyboard in Resources */,
			);
			runOnlyForDeploymentPostprocessing = 0;
		};
/* End PBXResourcesBuildPhase section */

/* Begin PBXShellScriptBuildPhase section */
		2C0C1B55BD5E98234CEC46FE /* [CP] Check Pods Manifest.lock */ = {
			isa = PBXShellScriptBuildPhase;
			buildActionMask = 2147483647;
			files = (
			);
			inputFileListPaths = (
			);
			inputPaths = (
				"${PODS_PODFILE_DIR_PATH}/Podfile.lock",
				"${PODS_ROOT}/Manifest.lock",
			);
			name = "[CP] Check Pods Manifest.lock";
			outputFileListPaths = (
			);
			outputPaths = (
				"$(DERIVED_FILE_DIR)/Pods-MyPlaces-checkManifestLockResult.txt",
			);
			runOnlyForDeploymentPostprocessing = 0;
			shellPath = /bin/sh;
			shellScript = "diff \"${PODS_PODFILE_DIR_PATH}/Podfile.lock\" \"${PODS_ROOT}/Manifest.lock\" > /dev/null\nif [ $? != 0 ] ; then\n    # print error to STDERR\n    echo \"error: The sandbox is not in sync with the Podfile.lock. Run 'pod install' or update your CocoaPods installation.\" >&2\n    exit 1\nfi\n# This output is used by Xcode 'outputs' to avoid re-running this script phase.\necho \"SUCCESS\" > \"${SCRIPT_OUTPUT_FILE_0}\"\n";
			showEnvVarsInLog = 0;
		};
		528431803E64BC7FF5B9DF12 /* [CP] Embed Pods Frameworks */ = {
			isa = PBXShellScriptBuildPhase;
			buildActionMask = 2147483647;
			files = (
			);
			inputFileListPaths = (
				"${PODS_ROOT}/Target Support Files/Pods-MyPlaces/Pods-MyPlaces-frameworks-${CONFIGURATION}-input-files.xcfilelist",
			);
			name = "[CP] Embed Pods Frameworks";
			outputFileListPaths = (
				"${PODS_ROOT}/Target Support Files/Pods-MyPlaces/Pods-MyPlaces-frameworks-${CONFIGURATION}-output-files.xcfilelist",
			);
			runOnlyForDeploymentPostprocessing = 0;
			shellPath = /bin/sh;
			shellScript = "\"${PODS_ROOT}/Target Support Files/Pods-MyPlaces/Pods-MyPlaces-frameworks.sh\"\n";
			showEnvVarsInLog = 0;
		};
/* End PBXShellScriptBuildPhase section */

/* Begin PBXSourcesBuildPhase section */
		094798A2245CD45D0062A6A2 /* Sources */ = {
			isa = PBXSourcesBuildPhase;
			buildActionMask = 2147483647;
			files = (
				094798BE245CD7DC0062A6A2 /* MainViewController.swift in Sources */,
				0936EC0C2466230F001A5B10 /* RatingControll.swift in Sources */,
				094798C4246236F10062A6A2 /* NewPlaceViewController.swift in Sources */,
				094798AA245CD45D0062A6A2 /* AppDelegate.swift in Sources */,
				092BBC2324942F6B0024425D /* MapViewController.swift in Sources */,
				0936EC042464B87E001A5B10 /* StorageManager.swift in Sources */,
				09E8392724A36C6100D7B08D /* MapManager.swift in Sources */,
				094798C2246227690062A6A2 /* PlaceModel.swift in Sources */,
				094798C0246223D00062A6A2 /* CustomTableViewCell.swift in Sources */,
				094798AC245CD45D0062A6A2 /* SceneDelegate.swift in Sources */,
			);
			runOnlyForDeploymentPostprocessing = 0;
		};
/* End PBXSourcesBuildPhase section */

/* Begin PBXVariantGroup section */
		094798AF245CD45D0062A6A2 /* Main.storyboard */ = {
			isa = PBXVariantGroup;
			children = (
				094798B0245CD45D0062A6A2 /* Base */,
			);
			name = Main.storyboard;
			sourceTree = "<group>";
		};
		094798B4245CD4600062A6A2 /* LaunchScreen.storyboard */ = {
			isa = PBXVariantGroup;
			children = (
				094798B5245CD4600062A6A2 /* Base */,
			);
			name = LaunchScreen.storyboard;
			sourceTree = "<group>";
		};
/* End PBXVariantGroup section */

/* Begin XCBuildConfiguration section */
		094798B8245CD4600062A6A2 /* Debug */ = {
			isa = XCBuildConfiguration;
			buildSettings = {
				ALWAYS_SEARCH_USER_PATHS = NO;
				CLANG_ANALYZER_NONNULL = YES;
				CLANG_ANALYZER_NUMBER_OBJECT_CONVERSION = YES_AGGRESSIVE;
				CLANG_CXX_LANGUAGE_STANDARD = "gnu++14";
				CLANG_CXX_LIBRARY = "libc++";
				CLANG_ENABLE_MODULES = YES;
				CLANG_ENABLE_OBJC_ARC = YES;
				CLANG_ENABLE_OBJC_WEAK = YES;
				CLANG_WARN_BLOCK_CAPTURE_AUTORELEASING = YES;
				CLANG_WARN_BOOL_CONVERSION = YES;
				CLANG_WARN_COMMA = YES;
				CLANG_WARN_CONSTANT_CONVERSION = YES;
				CLANG_WARN_DEPRECATED_OBJC_IMPLEMENTATIONS = YES;
				CLANG_WARN_DIRECT_OBJC_ISA_USAGE = YES_ERROR;
				CLANG_WARN_DOCUMENTATION_COMMENTS = YES;
				CLANG_WARN_EMPTY_BODY = YES;
				CLANG_WARN_ENUM_CONVERSION = YES;
				CLANG_WARN_INFINITE_RECURSION = YES;
				CLANG_WARN_INT_CONVERSION = YES;
				CLANG_WARN_NON_LITERAL_NULL_CONVERSION = YES;
				CLANG_WARN_OBJC_IMPLICIT_RETAIN_SELF = YES;
				CLANG_WARN_OBJC_LITERAL_CONVERSION = YES;
				CLANG_WARN_OBJC_ROOT_CLASS = YES_ERROR;
				CLANG_WARN_RANGE_LOOP_ANALYSIS = YES;
				CLANG_WARN_STRICT_PROTOTYPES = YES;
				CLANG_WARN_SUSPICIOUS_MOVE = YES;
				CLANG_WARN_UNGUARDED_AVAILABILITY = YES_AGGRESSIVE;
				CLANG_WARN_UNREACHABLE_CODE = YES;
				CLANG_WARN__DUPLICATE_METHOD_MATCH = YES;
				COPY_PHASE_STRIP = NO;
				DEBUG_INFORMATION_FORMAT = dwarf;
				ENABLE_STRICT_OBJC_MSGSEND = YES;
				ENABLE_TESTABILITY = YES;
				GCC_C_LANGUAGE_STANDARD = gnu11;
				GCC_DYNAMIC_NO_PIC = NO;
				GCC_NO_COMMON_BLOCKS = YES;
				GCC_OPTIMIZATION_LEVEL = 0;
				GCC_PREPROCESSOR_DEFINITIONS = (
					"DEBUG=1",
					"$(inherited)",
				);
				GCC_WARN_64_TO_32_BIT_CONVERSION = YES;
				GCC_WARN_ABOUT_RETURN_TYPE = YES_ERROR;
				GCC_WARN_UNDECLARED_SELECTOR = YES;
				GCC_WARN_UNINITIALIZED_AUTOS = YES_AGGRESSIVE;
				GCC_WARN_UNUSED_FUNCTION = YES;
				GCC_WARN_UNUSED_VARIABLE = YES;
				IPHONEOS_DEPLOYMENT_TARGET = 13.4;
				MTL_ENABLE_DEBUG_INFO = INCLUDE_SOURCE;
				MTL_FAST_MATH = YES;
				ONLY_ACTIVE_ARCH = YES;
				SDKROOT = iphoneos;
				SWIFT_ACTIVE_COMPILATION_CONDITIONS = DEBUG;
				SWIFT_OPTIMIZATION_LEVEL = "-Onone";
			};
			name = Debug;
		};
		094798B9245CD4600062A6A2 /* Release */ = {
			isa = XCBuildConfiguration;
			buildSettings = {
				ALWAYS_SEARCH_USER_PATHS = NO;
				CLANG_ANALYZER_NONNULL = YES;
				CLANG_ANALYZER_NUMBER_OBJECT_CONVERSION = YES_AGGRESSIVE;
				CLANG_CXX_LANGUAGE_STANDARD = "gnu++14";
				CLANG_CXX_LIBRARY = "libc++";
				CLANG_ENABLE_MODULES = YES;
				CLANG_ENABLE_OBJC_ARC = YES;
				CLANG_ENABLE_OBJC_WEAK = YES;
				CLANG_WARN_BLOCK_CAPTURE_AUTORELEASING = YES;
				CLANG_WARN_BOOL_CONVERSION = YES;
				CLANG_WARN_COMMA = YES;
				CLANG_WARN_CONSTANT_CONVERSION = YES;
				CLANG_WARN_DEPRECATED_OBJC_IMPLEMENTATIONS = YES;
				CLANG_WARN_DIRECT_OBJC_ISA_USAGE = YES_ERROR;
				CLANG_WARN_DOCUMENTATION_COMMENTS = YES;
				CLANG_WARN_EMPTY_BODY = YES;
				CLANG_WARN_ENUM_CONVERSION = YES;
				CLANG_WARN_INFINITE_RECURSION = YES;
				CLANG_WARN_INT_CONVERSION = YES;
				CLANG_WARN_NON_LITERAL_NULL_CONVERSION = YES;
				CLANG_WARN_OBJC_IMPLICIT_RETAIN_SELF = YES;
				CLANG_WARN_OBJC_LITERAL_CONVERSION = YES;
				CLANG_WARN_OBJC_ROOT_CLASS = YES_ERROR;
				CLANG_WARN_RANGE_LOOP_ANALYSIS = YES;
				CLANG_WARN_STRICT_PROTOTYPES = YES;
				CLANG_WARN_SUSPICIOUS_MOVE = YES;
				CLANG_WARN_UNGUARDED_AVAILABILITY = YES_AGGRESSIVE;
				CLANG_WARN_UNREACHABLE_CODE = YES;
				CLANG_WARN__DUPLICATE_METHOD_MATCH = YES;
				COPY_PHASE_STRIP = NO;
				DEBUG_INFORMATION_FORMAT = "dwarf-with-dsym";
				ENABLE_NS_ASSERTIONS = NO;
				ENABLE_STRICT_OBJC_MSGSEND = YES;
				GCC_C_LANGUAGE_STANDARD = gnu11;
				GCC_NO_COMMON_BLOCKS = YES;
				GCC_WARN_64_TO_32_BIT_CONVERSION = YES;
				GCC_WARN_ABOUT_RETURN_TYPE = YES_ERROR;
				GCC_WARN_UNDECLARED_SELECTOR = YES;
				GCC_WARN_UNINITIALIZED_AUTOS = YES_AGGRESSIVE;
				GCC_WARN_UNUSED_FUNCTION = YES;
				GCC_WARN_UNUSED_VARIABLE = YES;
				IPHONEOS_DEPLOYMENT_TARGET = 13.4;
				MTL_ENABLE_DEBUG_INFO = NO;
				MTL_FAST_MATH = YES;
				SDKROOT = iphoneos;
				SWIFT_COMPILATION_MODE = wholemodule;
				SWIFT_OPTIMIZATION_LEVEL = "-O";
				VALIDATE_PRODUCT = YES;
			};
			name = Release;
		};
		094798BB245CD4600062A6A2 /* Debug */ = {
			isa = XCBuildConfiguration;
			baseConfigurationReference = 30899F0838E501F17178D2F5 /* Pods-MyPlaces.debug.xcconfig */;
			buildSettings = {
				ASSETCATALOG_COMPILER_APPICON_NAME = AppIcon;
				CODE_SIGN_STYLE = Automatic;
				DEVELOPMENT_TEAM = 4MCUPQ9NXA;
				INFOPLIST_FILE = MyPlaces/Info.plist;
				LD_RUNPATH_SEARCH_PATHS = (
					"$(inherited)",
					"@executable_path/Frameworks",
				);
				PRODUCT_BUNDLE_IDENTIFIER = djedjo.MyPlaces;
				PRODUCT_NAME = "$(TARGET_NAME)";
				SWIFT_VERSION = 5.0;
				TARGETED_DEVICE_FAMILY = "1,2";
			};
			name = Debug;
		};
		094798BC245CD4600062A6A2 /* Release */ = {
			isa = XCBuildConfiguration;
			baseConfigurationReference = D3A7D0E10ADF3BB58D4ED46F /* Pods-MyPlaces.release.xcconfig */;
			buildSettings = {
				ASSETCATALOG_COMPILER_APPICON_NAME = AppIcon;
				CODE_SIGN_STYLE = Automatic;
				DEVELOPMENT_TEAM = 4MCUPQ9NXA;
				INFOPLIST_FILE = MyPlaces/Info.plist;
				LD_RUNPATH_SEARCH_PATHS = (
					"$(inherited)",
					"@executable_path/Frameworks",
				);
				PRODUCT_BUNDLE_IDENTIFIER = djedjo.MyPlaces;
				PRODUCT_NAME = "$(TARGET_NAME)";
				SWIFT_VERSION = 5.0;
				TARGETED_DEVICE_FAMILY = "1,2";
			};
			name = Release;
		};
/* End XCBuildConfiguration section */

/* Begin XCConfigurationList section */
		094798A1245CD45D0062A6A2 /* Build configuration list for PBXProject "MyPlaces" */ = {
			isa = XCConfigurationList;
			buildConfigurations = (
				094798B8245CD4600062A6A2 /* Debug */,
				094798B9245CD4600062A6A2 /* Release */,
			);
			defaultConfigurationIsVisible = 0;
			defaultConfigurationName = Release;
		};
		094798BA245CD4600062A6A2 /* Build configuration list for PBXNativeTarget "MyPlaces" */ = {
			isa = XCConfigurationList;
			buildConfigurations = (
				094798BB245CD4600062A6A2 /* Debug */,
				094798BC245CD4600062A6A2 /* Release */,
			);
			defaultConfigurationIsVisible = 0;
			defaultConfigurationName = Release;
		};
/* End XCConfigurationList section */
	};
	rootObject = 0947989E245CD45D0062A6A2 /* Project object */;
}
